// !$*UTF8*$!
{
	archiveVersion = 1;
	classes = {
	};
	objectVersion = 56;
	objects = {

/* Begin PBXBuildFile section */
		C8165F882BC5120B00EFFB6D /* LoginViewModelTests.swift in Sources */ = {isa = PBXBuildFile; fileRef = C8165F872BC5120B00EFFB6D /* LoginViewModelTests.swift */; };
		C8165F8A2BC5126300EFFB6D /* QuestionServiceTests.swift in Sources */ = {isa = PBXBuildFile; fileRef = C8165F892BC5126300EFFB6D /* QuestionServiceTests.swift */; };
		C8293E8D2B66CB2D0056776B /* SettingsView.swift in Sources */ = {isa = PBXBuildFile; fileRef = C8293E8C2B66CB2D0056776B /* SettingsView.swift */; };
		C8293E8F2B66CD280056776B /* TabBarView.swift in Sources */ = {isa = PBXBuildFile; fileRef = C8293E8E2B66CD280056776B /* TabBarView.swift */; };
		C847E8632BA6DBFC003AD2CF /* OneTypeTestHistoryViewModel.swift in Sources */ = {isa = PBXBuildFile; fileRef = C847E8622BA6DBFC003AD2CF /* OneTypeTestHistoryViewModel.swift */; };
		C847E8652BA6F4B9003AD2CF /* OneTypeTestHistoryDetailView.swift in Sources */ = {isa = PBXBuildFile; fileRef = C847E8642BA6F4B9003AD2CF /* OneTypeTestHistoryDetailView.swift */; };
		C847E8672BA6F4F5003AD2CF /* HistoryListView.swift in Sources */ = {isa = PBXBuildFile; fileRef = C847E8662BA6F4F5003AD2CF /* HistoryListView.swift */; };
		C862A6692B728FC40084A58B /* QuestionService.swift in Sources */ = {isa = PBXBuildFile; fileRef = C862A6682B728FC40084A58B /* QuestionService.swift */; };
		C86947EA2B71F55400B693D7 /* NavigationStateManager.swift in Sources */ = {isa = PBXBuildFile; fileRef = C86947E92B71F55300B693D7 /* NavigationStateManager.swift */; };
		C86C7FE52B72D39800F3F177 /* GradingDetailsView.swift in Sources */ = {isa = PBXBuildFile; fileRef = C86C7FE42B72D39800F3F177 /* GradingDetailsView.swift */; };
		C86F13992B6630B80006A1F5 /* NicknameView.swift in Sources */ = {isa = PBXBuildFile; fileRef = C86F13982B6630B80006A1F5 /* NicknameView.swift */; };
		C874129B2B8981580085B035 /* FullTestSessionView.swift in Sources */ = {isa = PBXBuildFile; fileRef = C874129A2B8981580085B035 /* FullTestSessionView.swift */; };
		C874129D2B898A4D0085B035 /* FullTestStartCountView.swift in Sources */ = {isa = PBXBuildFile; fileRef = C874129C2B898A4D0085B035 /* FullTestStartCountView.swift */; };
		C874129F2B898A6E0085B035 /* FullTestShortDescriptionTestView.swift in Sources */ = {isa = PBXBuildFile; fileRef = C874129E2B898A6E0085B035 /* FullTestShortDescriptionTestView.swift */; };
		C87412A12B898C160085B035 /* FullTestSharingExperienceTestView.swift in Sources */ = {isa = PBXBuildFile; fileRef = C87412A02B898C160085B035 /* FullTestSharingExperienceTestView.swift */; };
		C87412A32B8994C30085B035 /* FullTestListeningComprehensionTestView.swift in Sources */ = {isa = PBXBuildFile; fileRef = C87412A22B8994C30085B035 /* FullTestListeningComprehensionTestView.swift */; };
		C87412A52B8994D00085B035 /* FullTestExpressingOpinionTestView.swift in Sources */ = {isa = PBXBuildFile; fileRef = C87412A42B8994D00085B035 /* FullTestExpressingOpinionTestView.swift */; };
		C87412A72B8997310085B035 /* FullTestScoreView.swift in Sources */ = {isa = PBXBuildFile; fileRef = C87412A62B8997310085B035 /* FullTestScoreView.swift */; };
		C8775A592BB9584400384662 /* DIDService.swift in Sources */ = {isa = PBXBuildFile; fileRef = C8775A582BB9584300384662 /* DIDService.swift */; };
		C8775A5C2BBC9E6200384662 /* ScoreGraphView.swift in Sources */ = {isa = PBXBuildFile; fileRef = C8775A5B2BBC9E6200384662 /* ScoreGraphView.swift */; };
		C8809B562BB35C3C007C3F12 /* ProfileView.swift in Sources */ = {isa = PBXBuildFile; fileRef = C8809B552BB35C3C007C3F12 /* ProfileView.swift */; };
		C892DC3E2B65C40C006CD76D /* spaiDemo2App.swift in Sources */ = {isa = PBXBuildFile; fileRef = C892DC3D2B65C40C006CD76D /* spaiDemo2App.swift */; };
		C892DC402B65C40C006CD76D /* ContentView.swift in Sources */ = {isa = PBXBuildFile; fileRef = C892DC3F2B65C40C006CD76D /* ContentView.swift */; };
		C892DC422B65C40E006CD76D /* Assets.xcassets in Resources */ = {isa = PBXBuildFile; fileRef = C892DC412B65C40E006CD76D /* Assets.xcassets */; };
		C892DC452B65C40E006CD76D /* Preview Assets.xcassets in Resources */ = {isa = PBXBuildFile; fileRef = C892DC442B65C40E006CD76D /* Preview Assets.xcassets */; };
		C892DC472B65C40E006CD76D /* Persistence.swift in Sources */ = {isa = PBXBuildFile; fileRef = C892DC462B65C40E006CD76D /* Persistence.swift */; };
		C892DC4A2B65C40E006CD76D /* spaiDemo2.xcdatamodeld in Sources */ = {isa = PBXBuildFile; fileRef = C892DC482B65C40E006CD76D /* spaiDemo2.xcdatamodeld */; };
		C892DC542B65C8C2006CD76D /* FirebaseAnalytics in Frameworks */ = {isa = PBXBuildFile; productRef = C892DC532B65C8C2006CD76D /* FirebaseAnalytics */; };
		C892DC562B65C8C2006CD76D /* FirebaseAnalyticsOnDeviceConversion in Frameworks */ = {isa = PBXBuildFile; productRef = C892DC552B65C8C2006CD76D /* FirebaseAnalyticsOnDeviceConversion */; };
		C892DC582B65C8C2006CD76D /* FirebaseAnalyticsSwift in Frameworks */ = {isa = PBXBuildFile; productRef = C892DC572B65C8C2006CD76D /* FirebaseAnalyticsSwift */; };
		C892DC5A2B65C8C2006CD76D /* FirebaseAnalyticsWithoutAdIdSupport in Frameworks */ = {isa = PBXBuildFile; productRef = C892DC592B65C8C2006CD76D /* FirebaseAnalyticsWithoutAdIdSupport */; };
		C892DC5C2B65C8C2006CD76D /* FirebaseAppCheck in Frameworks */ = {isa = PBXBuildFile; productRef = C892DC5B2B65C8C2006CD76D /* FirebaseAppCheck */; };
		C892DC5E2B65C8C2006CD76D /* FirebaseAppDistribution-Beta in Frameworks */ = {isa = PBXBuildFile; productRef = C892DC5D2B65C8C2006CD76D /* FirebaseAppDistribution-Beta */; };
		C892DC602B65C8C2006CD76D /* FirebaseAuth in Frameworks */ = {isa = PBXBuildFile; productRef = C892DC5F2B65C8C2006CD76D /* FirebaseAuth */; };
		C892DC622B65C8C2006CD76D /* FirebaseAuthCombine-Community in Frameworks */ = {isa = PBXBuildFile; productRef = C892DC612B65C8C2006CD76D /* FirebaseAuthCombine-Community */; };
		C892DC642B65C8C2006CD76D /* FirebaseCrashlytics in Frameworks */ = {isa = PBXBuildFile; productRef = C892DC632B65C8C2006CD76D /* FirebaseCrashlytics */; };
		C892DC662B65C8C2006CD76D /* FirebaseDatabase in Frameworks */ = {isa = PBXBuildFile; productRef = C892DC652B65C8C2006CD76D /* FirebaseDatabase */; };
		C892DC682B65C8C2006CD76D /* FirebaseDatabaseSwift in Frameworks */ = {isa = PBXBuildFile; productRef = C892DC672B65C8C2006CD76D /* FirebaseDatabaseSwift */; };
		C892DC6A2B65C8C2006CD76D /* FirebaseDynamicLinks in Frameworks */ = {isa = PBXBuildFile; productRef = C892DC692B65C8C2006CD76D /* FirebaseDynamicLinks */; };
		C892DC6C2B65C8C2006CD76D /* FirebaseFirestore in Frameworks */ = {isa = PBXBuildFile; productRef = C892DC6B2B65C8C2006CD76D /* FirebaseFirestore */; };
		C892DC6E2B65C8C2006CD76D /* FirebaseFirestoreCombine-Community in Frameworks */ = {isa = PBXBuildFile; productRef = C892DC6D2B65C8C2006CD76D /* FirebaseFirestoreCombine-Community */; };
		C892DC702B65C8C2006CD76D /* FirebaseFirestoreSwift in Frameworks */ = {isa = PBXBuildFile; productRef = C892DC6F2B65C8C2006CD76D /* FirebaseFirestoreSwift */; };
		C892DC722B65C8C2006CD76D /* FirebaseFunctions in Frameworks */ = {isa = PBXBuildFile; productRef = C892DC712B65C8C2006CD76D /* FirebaseFunctions */; };
		C892DC742B65C8C2006CD76D /* FirebaseFunctionsCombine-Community in Frameworks */ = {isa = PBXBuildFile; productRef = C892DC732B65C8C2006CD76D /* FirebaseFunctionsCombine-Community */; };
		C892DC762B65C8C2006CD76D /* FirebaseInAppMessaging-Beta in Frameworks */ = {isa = PBXBuildFile; productRef = C892DC752B65C8C2006CD76D /* FirebaseInAppMessaging-Beta */; };
		C892DC782B65C8C2006CD76D /* FirebaseInAppMessagingSwift-Beta in Frameworks */ = {isa = PBXBuildFile; productRef = C892DC772B65C8C2006CD76D /* FirebaseInAppMessagingSwift-Beta */; };
		C892DC7A2B65C8C2006CD76D /* FirebaseInstallations in Frameworks */ = {isa = PBXBuildFile; productRef = C892DC792B65C8C2006CD76D /* FirebaseInstallations */; };
		C892DC7C2B65C8C2006CD76D /* FirebaseMLModelDownloader in Frameworks */ = {isa = PBXBuildFile; productRef = C892DC7B2B65C8C2006CD76D /* FirebaseMLModelDownloader */; };
		C892DC7E2B65C8C2006CD76D /* FirebaseMessaging in Frameworks */ = {isa = PBXBuildFile; productRef = C892DC7D2B65C8C2006CD76D /* FirebaseMessaging */; };
		C892DC802B65C8C2006CD76D /* FirebasePerformance in Frameworks */ = {isa = PBXBuildFile; productRef = C892DC7F2B65C8C2006CD76D /* FirebasePerformance */; };
		C892DC822B65C8C2006CD76D /* FirebaseRemoteConfig in Frameworks */ = {isa = PBXBuildFile; productRef = C892DC812B65C8C2006CD76D /* FirebaseRemoteConfig */; };
		C892DC842B65C8C2006CD76D /* FirebaseRemoteConfigSwift in Frameworks */ = {isa = PBXBuildFile; productRef = C892DC832B65C8C2006CD76D /* FirebaseRemoteConfigSwift */; };
		C892DC862B65C8C2006CD76D /* FirebaseStorage in Frameworks */ = {isa = PBXBuildFile; productRef = C892DC852B65C8C2006CD76D /* FirebaseStorage */; };
		C892DC882B65C8C2006CD76D /* FirebaseStorageCombine-Community in Frameworks */ = {isa = PBXBuildFile; productRef = C892DC872B65C8C2006CD76D /* FirebaseStorageCombine-Community */; };
		C892DC8B2B65C8F1006CD76D /* GoogleSignIn in Frameworks */ = {isa = PBXBuildFile; productRef = C892DC8A2B65C8F1006CD76D /* GoogleSignIn */; };
		C892DC8D2B65C8F1006CD76D /* GoogleSignInSwift in Frameworks */ = {isa = PBXBuildFile; productRef = C892DC8C2B65C8F1006CD76D /* GoogleSignInSwift */; };
		C892DC8F2B65C9E6006CD76D /* readme.txt in Resources */ = {isa = PBXBuildFile; fileRef = C892DC8E2B65C9E6006CD76D /* readme.txt */; };
		C892DC912B65CA3E006CD76D /* GoogleService-Info.plist in Resources */ = {isa = PBXBuildFile; fileRef = C892DC902B65CA3E006CD76D /* GoogleService-Info.plist */; };
		C892DC972B65CBAA006CD76D /* LoginView.swift in Sources */ = {isa = PBXBuildFile; fileRef = C892DC962B65CBAA006CD76D /* LoginView.swift */; };
		C892DC992B65D307006CD76D /* LoginViewModel.swift in Sources */ = {isa = PBXBuildFile; fileRef = C892DC982B65D307006CD76D /* LoginViewModel.swift */; };
		C892DC9B2B65EB8E006CD76D /* HomeView.swift in Sources */ = {isa = PBXBuildFile; fileRef = C892DC9A2B65EB8E006CD76D /* HomeView.swift */; };
		C892DC9D2B65EDD5006CD76D /* starterView.swift in Sources */ = {isa = PBXBuildFile; fileRef = C892DC9C2B65EDD5006CD76D /* starterView.swift */; };
		C8DBFCE92B678C6600C49CC9 /* SharingExperienceTestView.swift in Sources */ = {isa = PBXBuildFile; fileRef = C8DBFCE82B678C6600C49CC9 /* SharingExperienceTestView.swift */; };
		C8DBFCEB2B678C7600C49CC9 /* ListeningComprehensionTestView.swift in Sources */ = {isa = PBXBuildFile; fileRef = C8DBFCEA2B678C7600C49CC9 /* ListeningComprehensionTestView.swift */; };
		C8DBFCED2B678C8700C49CC9 /* ExpressingOpinionTestView.swift in Sources */ = {isa = PBXBuildFile; fileRef = C8DBFCEC2B678C8700C49CC9 /* ExpressingOpinionTestView.swift */; };
		C8DEF0CD2B6954700002DE79 /* SiriWaveView in Frameworks */ = {isa = PBXBuildFile; productRef = C8DEF0CC2B6954700002DE79 /* SiriWaveView */; };
		C8DEF0CF2B6958080002DE79 /* OpenAIforSDTest.swift in Sources */ = {isa = PBXBuildFile; fileRef = C8DEF0CE2B6958080002DE79 /* OpenAIforSDTest.swift */; };
		C8DEF0D12B6958260002DE79 /* OpenAIGrading.swift in Sources */ = {isa = PBXBuildFile; fileRef = C8DEF0D02B6958260002DE79 /* OpenAIGrading.swift */; };
		C8DEF0D32B698E5B0002DE79 /* TestViewModel.swift in Sources */ = {isa = PBXBuildFile; fileRef = C8DEF0D22B698E5B0002DE79 /* TestViewModel.swift */; };
		C8DEF0E72B69FEE10002DE79 /* OpenAI in Frameworks */ = {isa = PBXBuildFile; productRef = C8DEF0E62B69FEE10002DE79 /* OpenAI */; };
		C8F030F92B677E55003F3E32 /* StartCountView.swift in Sources */ = {isa = PBXBuildFile; fileRef = C8F030F82B677E55003F3E32 /* StartCountView.swift */; };
		C8F030FB2B677E66003F3E32 /* ShortDescriptionTestView.swift in Sources */ = {isa = PBXBuildFile; fileRef = C8F030FA2B677E66003F3E32 /* ShortDescriptionTestView.swift */; };
		C8F030FD2B677E77003F3E32 /* ScoreViewMode.swift in Sources */ = {isa = PBXBuildFile; fileRef = C8F030FC2B677E77003F3E32 /* ScoreViewMode.swift */; };
/* End PBXBuildFile section */

/* Begin PBXFileReference section */
		C8165F872BC5120B00EFFB6D /* LoginViewModelTests.swift */ = {isa = PBXFileReference; lastKnownFileType = sourcecode.swift; path = LoginViewModelTests.swift; sourceTree = "<group>"; };
		C8165F892BC5126300EFFB6D /* QuestionServiceTests.swift */ = {isa = PBXFileReference; lastKnownFileType = sourcecode.swift; path = QuestionServiceTests.swift; sourceTree = "<group>"; };
		C8293E8C2B66CB2D0056776B /* SettingsView.swift */ = {isa = PBXFileReference; lastKnownFileType = sourcecode.swift; path = SettingsView.swift; sourceTree = "<group>"; };
		C8293E8E2B66CD280056776B /* TabBarView.swift */ = {isa = PBXFileReference; lastKnownFileType = sourcecode.swift; path = TabBarView.swift; sourceTree = "<group>"; };
		C847E8622BA6DBFC003AD2CF /* OneTypeTestHistoryViewModel.swift */ = {isa = PBXFileReference; lastKnownFileType = sourcecode.swift; path = OneTypeTestHistoryViewModel.swift; sourceTree = "<group>"; };
		C847E8642BA6F4B9003AD2CF /* OneTypeTestHistoryDetailView.swift */ = {isa = PBXFileReference; lastKnownFileType = sourcecode.swift; path = OneTypeTestHistoryDetailView.swift; sourceTree = "<group>"; };
		C847E8662BA6F4F5003AD2CF /* HistoryListView.swift */ = {isa = PBXFileReference; lastKnownFileType = sourcecode.swift; path = HistoryListView.swift; sourceTree = "<group>"; };
		C862A6682B728FC40084A58B /* QuestionService.swift */ = {isa = PBXFileReference; lastKnownFileType = sourcecode.swift; path = QuestionService.swift; sourceTree = "<group>"; };
		C86947E92B71F55300B693D7 /* NavigationStateManager.swift */ = {isa = PBXFileReference; lastKnownFileType = sourcecode.swift; path = NavigationStateManager.swift; sourceTree = "<group>"; };
		C86C7FE42B72D39800F3F177 /* GradingDetailsView.swift */ = {isa = PBXFileReference; lastKnownFileType = sourcecode.swift; path = GradingDetailsView.swift; sourceTree = "<group>"; };
		C86F13982B6630B80006A1F5 /* NicknameView.swift */ = {isa = PBXFileReference; lastKnownFileType = sourcecode.swift; path = NicknameView.swift; sourceTree = "<group>"; };
		C874129A2B8981580085B035 /* FullTestSessionView.swift */ = {isa = PBXFileReference; lastKnownFileType = sourcecode.swift; path = FullTestSessionView.swift; sourceTree = "<group>"; };
		C874129C2B898A4D0085B035 /* FullTestStartCountView.swift */ = {isa = PBXFileReference; lastKnownFileType = sourcecode.swift; path = FullTestStartCountView.swift; sourceTree = "<group>"; };
		C874129E2B898A6E0085B035 /* FullTestShortDescriptionTestView.swift */ = {isa = PBXFileReference; lastKnownFileType = sourcecode.swift; path = FullTestShortDescriptionTestView.swift; sourceTree = "<group>"; };
		C87412A02B898C160085B035 /* FullTestSharingExperienceTestView.swift */ = {isa = PBXFileReference; lastKnownFileType = sourcecode.swift; path = FullTestSharingExperienceTestView.swift; sourceTree = "<group>"; };
		C87412A22B8994C30085B035 /* FullTestListeningComprehensionTestView.swift */ = {isa = PBXFileReference; lastKnownFileType = sourcecode.swift; path = FullTestListeningComprehensionTestView.swift; sourceTree = "<group>"; };
		C87412A42B8994D00085B035 /* FullTestExpressingOpinionTestView.swift */ = {isa = PBXFileReference; lastKnownFileType = sourcecode.swift; path = FullTestExpressingOpinionTestView.swift; sourceTree = "<group>"; };
		C87412A62B8997310085B035 /* FullTestScoreView.swift */ = {isa = PBXFileReference; lastKnownFileType = sourcecode.swift; path = FullTestScoreView.swift; sourceTree = "<group>"; };
		C8775A582BB9584300384662 /* DIDService.swift */ = {isa = PBXFileReference; lastKnownFileType = sourcecode.swift; path = DIDService.swift; sourceTree = "<group>"; };
		C8775A5B2BBC9E6200384662 /* ScoreGraphView.swift */ = {isa = PBXFileReference; lastKnownFileType = sourcecode.swift; path = ScoreGraphView.swift; sourceTree = "<group>"; };
		C8809B552BB35C3C007C3F12 /* ProfileView.swift */ = {isa = PBXFileReference; lastKnownFileType = sourcecode.swift; path = ProfileView.swift; sourceTree = "<group>"; };
		C892DC3A2B65C40C006CD76D /* spaiDemo2.app */ = {isa = PBXFileReference; explicitFileType = wrapper.application; includeInIndex = 0; path = spaiDemo2.app; sourceTree = BUILT_PRODUCTS_DIR; };
		C892DC3D2B65C40C006CD76D /* spaiDemo2App.swift */ = {isa = PBXFileReference; lastKnownFileType = sourcecode.swift; path = spaiDemo2App.swift; sourceTree = "<group>"; };
		C892DC3F2B65C40C006CD76D /* ContentView.swift */ = {isa = PBXFileReference; lastKnownFileType = sourcecode.swift; path = ContentView.swift; sourceTree = "<group>"; };
		C892DC412B65C40E006CD76D /* Assets.xcassets */ = {isa = PBXFileReference; lastKnownFileType = folder.assetcatalog; path = Assets.xcassets; sourceTree = "<group>"; };
		C892DC442B65C40E006CD76D /* Preview Assets.xcassets */ = {isa = PBXFileReference; lastKnownFileType = folder.assetcatalog; path = "Preview Assets.xcassets"; sourceTree = "<group>"; };
		C892DC462B65C40E006CD76D /* Persistence.swift */ = {isa = PBXFileReference; lastKnownFileType = sourcecode.swift; path = Persistence.swift; sourceTree = "<group>"; };
		C892DC492B65C40E006CD76D /* spaiDemo2.xcdatamodel */ = {isa = PBXFileReference; lastKnownFileType = wrapper.xcdatamodel; path = spaiDemo2.xcdatamodel; sourceTree = "<group>"; };
		C892DC8E2B65C9E6006CD76D /* readme.txt */ = {isa = PBXFileReference; lastKnownFileType = text; path = readme.txt; sourceTree = "<group>"; };
		C892DC902B65CA3E006CD76D /* GoogleService-Info.plist */ = {isa = PBXFileReference; fileEncoding = 4; lastKnownFileType = text.plist.xml; path = "GoogleService-Info.plist"; sourceTree = "<group>"; };
		C892DC922B65CA69006CD76D /* Info.plist */ = {isa = PBXFileReference; lastKnownFileType = text.plist; path = Info.plist; sourceTree = "<group>"; };
		C892DC932B65CB04006CD76D /* spaiDemo2.entitlements */ = {isa = PBXFileReference; lastKnownFileType = text.plist.entitlements; path = spaiDemo2.entitlements; sourceTree = "<group>"; };
		C892DC962B65CBAA006CD76D /* LoginView.swift */ = {isa = PBXFileReference; lastKnownFileType = sourcecode.swift; path = LoginView.swift; sourceTree = "<group>"; };
		C892DC982B65D307006CD76D /* LoginViewModel.swift */ = {isa = PBXFileReference; lastKnownFileType = sourcecode.swift; path = LoginViewModel.swift; sourceTree = "<group>"; };
		C892DC9A2B65EB8E006CD76D /* HomeView.swift */ = {isa = PBXFileReference; lastKnownFileType = sourcecode.swift; path = HomeView.swift; sourceTree = "<group>"; };
		C892DC9C2B65EDD5006CD76D /* starterView.swift */ = {isa = PBXFileReference; lastKnownFileType = sourcecode.swift; path = starterView.swift; sourceTree = "<group>"; };
		C8DBFCE82B678C6600C49CC9 /* SharingExperienceTestView.swift */ = {isa = PBXFileReference; lastKnownFileType = sourcecode.swift; path = SharingExperienceTestView.swift; sourceTree = "<group>"; };
		C8DBFCEA2B678C7600C49CC9 /* ListeningComprehensionTestView.swift */ = {isa = PBXFileReference; lastKnownFileType = sourcecode.swift; path = ListeningComprehensionTestView.swift; sourceTree = "<group>"; };
		C8DBFCEC2B678C8700C49CC9 /* ExpressingOpinionTestView.swift */ = {isa = PBXFileReference; lastKnownFileType = sourcecode.swift; path = ExpressingOpinionTestView.swift; sourceTree = "<group>"; };
		C8DEF0CE2B6958080002DE79 /* OpenAIforSDTest.swift */ = {isa = PBXFileReference; lastKnownFileType = sourcecode.swift; path = OpenAIforSDTest.swift; sourceTree = "<group>"; };
		C8DEF0D02B6958260002DE79 /* OpenAIGrading.swift */ = {isa = PBXFileReference; lastKnownFileType = sourcecode.swift; path = OpenAIGrading.swift; sourceTree = "<group>"; };
		C8DEF0D22B698E5B0002DE79 /* TestViewModel.swift */ = {isa = PBXFileReference; lastKnownFileType = sourcecode.swift; path = TestViewModel.swift; sourceTree = "<group>"; };
		C8F030F82B677E55003F3E32 /* StartCountView.swift */ = {isa = PBXFileReference; lastKnownFileType = sourcecode.swift; path = StartCountView.swift; sourceTree = "<group>"; };
		C8F030FA2B677E66003F3E32 /* ShortDescriptionTestView.swift */ = {isa = PBXFileReference; lastKnownFileType = sourcecode.swift; path = ShortDescriptionTestView.swift; sourceTree = "<group>"; };
		C8F030FC2B677E77003F3E32 /* ScoreViewMode.swift */ = {isa = PBXFileReference; lastKnownFileType = sourcecode.swift; path = ScoreViewMode.swift; sourceTree = "<group>"; };
/* End PBXFileReference section */

/* Begin PBXFrameworksBuildPhase section */
		C892DC372B65C40C006CD76D /* Frameworks */ = {
			isa = PBXFrameworksBuildPhase;
			buildActionMask = 2147483647;
			files = (
				C892DC662B65C8C2006CD76D /* FirebaseDatabase in Frameworks */,
				C8DEF0CD2B6954700002DE79 /* SiriWaveView in Frameworks */,
				C892DC742B65C8C2006CD76D /* FirebaseFunctionsCombine-Community in Frameworks */,
				C892DC6C2B65C8C2006CD76D /* FirebaseFirestore in Frameworks */,
				C892DC582B65C8C2006CD76D /* FirebaseAnalyticsSwift in Frameworks */,
				C892DC542B65C8C2006CD76D /* FirebaseAnalytics in Frameworks */,
				C892DC562B65C8C2006CD76D /* FirebaseAnalyticsOnDeviceConversion in Frameworks */,
				C892DC7C2B65C8C2006CD76D /* FirebaseMLModelDownloader in Frameworks */,
				C892DC8D2B65C8F1006CD76D /* GoogleSignInSwift in Frameworks */,
				C892DC702B65C8C2006CD76D /* FirebaseFirestoreSwift in Frameworks */,
				C892DC5C2B65C8C2006CD76D /* FirebaseAppCheck in Frameworks */,
				C892DC5A2B65C8C2006CD76D /* FirebaseAnalyticsWithoutAdIdSupport in Frameworks */,
				C892DC602B65C8C2006CD76D /* FirebaseAuth in Frameworks */,
				C892DC642B65C8C2006CD76D /* FirebaseCrashlytics in Frameworks */,
				C892DC842B65C8C2006CD76D /* FirebaseRemoteConfigSwift in Frameworks */,
				C892DC8B2B65C8F1006CD76D /* GoogleSignIn in Frameworks */,
				C892DC762B65C8C2006CD76D /* FirebaseInAppMessaging-Beta in Frameworks */,
				C892DC682B65C8C2006CD76D /* FirebaseDatabaseSwift in Frameworks */,
				C892DC722B65C8C2006CD76D /* FirebaseFunctions in Frameworks */,
				C892DC882B65C8C2006CD76D /* FirebaseStorageCombine-Community in Frameworks */,
				C892DC822B65C8C2006CD76D /* FirebaseRemoteConfig in Frameworks */,
				C892DC5E2B65C8C2006CD76D /* FirebaseAppDistribution-Beta in Frameworks */,
				C892DC622B65C8C2006CD76D /* FirebaseAuthCombine-Community in Frameworks */,
				C8DEF0E72B69FEE10002DE79 /* OpenAI in Frameworks */,
				C892DC802B65C8C2006CD76D /* FirebasePerformance in Frameworks */,
				C892DC782B65C8C2006CD76D /* FirebaseInAppMessagingSwift-Beta in Frameworks */,
				C892DC862B65C8C2006CD76D /* FirebaseStorage in Frameworks */,
				C892DC6A2B65C8C2006CD76D /* FirebaseDynamicLinks in Frameworks */,
				C892DC6E2B65C8C2006CD76D /* FirebaseFirestoreCombine-Community in Frameworks */,
				C892DC7E2B65C8C2006CD76D /* FirebaseMessaging in Frameworks */,
				C892DC7A2B65C8C2006CD76D /* FirebaseInstallations in Frameworks */,
			);
			runOnlyForDeploymentPostprocessing = 0;
		};
/* End PBXFrameworksBuildPhase section */

/* Begin PBXGroup section */
		C8165F862BC5119F00EFFB6D /* AppTests */ = {
			isa = PBXGroup;
			children = (
				C8165F872BC5120B00EFFB6D /* LoginViewModelTests.swift */,
				C8165F892BC5126300EFFB6D /* QuestionServiceTests.swift */,
			);
			path = AppTests;
			sourceTree = "<group>";
		};
		C847E85E2BA6DBA1003AD2CF /* HistoryView */ = {
			isa = PBXGroup;
			children = (
				C847E8662BA6F4F5003AD2CF /* HistoryListView.swift */,
				C847E8642BA6F4B9003AD2CF /* OneTypeTestHistoryDetailView.swift */,
			);
			path = HistoryView;
			sourceTree = "<group>";
		};
		C847E85F2BA6DBAE003AD2CF /* HistortViewModel */ = {
			isa = PBXGroup;
			children = (
				C847E8622BA6DBFC003AD2CF /* OneTypeTestHistoryViewModel.swift */,
			);
			path = HistortViewModel;
			sourceTree = "<group>";
		};
		C86947E82B71F52C00B693D7 /* NaviManager */ = {
			isa = PBXGroup;
			children = (
				C86947E92B71F55300B693D7 /* NavigationStateManager.swift */,
			);
			path = NaviManager;
			sourceTree = "<group>";
		};
		C87412992B8980C60085B035 /* FullTestView */ = {
			isa = PBXGroup;
			children = (
				C874129A2B8981580085B035 /* FullTestSessionView.swift */,
				C874129C2B898A4D0085B035 /* FullTestStartCountView.swift */,
				C874129E2B898A6E0085B035 /* FullTestShortDescriptionTestView.swift */,
				C87412A02B898C160085B035 /* FullTestSharingExperienceTestView.swift */,
				C87412A22B8994C30085B035 /* FullTestListeningComprehensionTestView.swift */,
				C87412A42B8994D00085B035 /* FullTestExpressingOpinionTestView.swift */,
				C87412A62B8997310085B035 /* FullTestScoreView.swift */,
			);
			path = FullTestView;
			sourceTree = "<group>";
		};
		C8775A572BB9580300384662 /* GenAIvideo */ = {
			isa = PBXGroup;
			children = (
				C8775A582BB9584300384662 /* DIDService.swift */,
			);
			path = GenAIvideo;
			sourceTree = "<group>";
		};
		C8775A5D2BBCB43600384662 /* QuestionByTopic */ = {
			isa = PBXGroup;
			children = (
			);
			path = QuestionByTopic;
			sourceTree = "<group>";
		};
		C892DC312B65C40C006CD76D = {
			isa = PBXGroup;
			children = (
				C892DC3C2B65C40C006CD76D /* spaiDemo2 */,
				C892DC3B2B65C40C006CD76D /* Products */,
			);
			sourceTree = "<group>";
		};
		C892DC3B2B65C40C006CD76D /* Products */ = {
			isa = PBXGroup;
			children = (
				C892DC3A2B65C40C006CD76D /* spaiDemo2.app */,
			);
			name = Products;
			sourceTree = "<group>";
		};
		C892DC3C2B65C40C006CD76D /* spaiDemo2 */ = {
			isa = PBXGroup;
			children = (
				C8165F862BC5119F00EFFB6D /* AppTests */,
				C8775A572BB9580300384662 /* GenAIvideo */,
				C847E85F2BA6DBAE003AD2CF /* HistortViewModel */,
				C847E85E2BA6DBA1003AD2CF /* HistoryView */,
				C86947E82B71F52C00B693D7 /* NaviManager */,
				C8DBFCE72B6787DD00C49CC9 /* OpenAI */,
				C892DC952B65CB74006CD76D /* ViewModel */,
				C892DC942B65CB62006CD76D /* View */,
				C8775A5D2BBCB43600384662 /* QuestionByTopic */,
				C8F030F72B677E24003F3E32 /* SPTestContentsView */,
				C87412992B8980C60085B035 /* FullTestView */,
				C892DC932B65CB04006CD76D /* spaiDemo2.entitlements */,
				C892DC922B65CA69006CD76D /* Info.plist */,
				C892DC3D2B65C40C006CD76D /* spaiDemo2App.swift */,
				C892DC9C2B65EDD5006CD76D /* starterView.swift */,
				C892DC3F2B65C40C006CD76D /* ContentView.swift */,
				C892DC462B65C40E006CD76D /* Persistence.swift */,
				C892DC412B65C40E006CD76D /* Assets.xcassets */,
				C892DC482B65C40E006CD76D /* spaiDemo2.xcdatamodeld */,
				C892DC8E2B65C9E6006CD76D /* readme.txt */,
				C892DC902B65CA3E006CD76D /* GoogleService-Info.plist */,
				C892DC432B65C40E006CD76D /* Preview Content */,
			);
			path = spaiDemo2;
			sourceTree = "<group>";
		};
		C892DC432B65C40E006CD76D /* Preview Content */ = {
			isa = PBXGroup;
			children = (
				C892DC442B65C40E006CD76D /* Preview Assets.xcassets */,
			);
			path = "Preview Content";
			sourceTree = "<group>";
		};
		C892DC942B65CB62006CD76D /* View */ = {
			isa = PBXGroup;
			children = (
				C892DC962B65CBAA006CD76D /* LoginView.swift */,
				C892DC9A2B65EB8E006CD76D /* HomeView.swift */,
				C86F13982B6630B80006A1F5 /* NicknameView.swift */,
				C8293E8C2B66CB2D0056776B /* SettingsView.swift */,
				C8809B552BB35C3C007C3F12 /* ProfileView.swift */,
				C8775A5B2BBC9E6200384662 /* ScoreGraphView.swift */,
				C8293E8E2B66CD280056776B /* TabBarView.swift */,
				C86C7FE42B72D39800F3F177 /* GradingDetailsView.swift */,
			);
			path = View;
			sourceTree = "<group>";
		};
		C892DC952B65CB74006CD76D /* ViewModel */ = {
			isa = PBXGroup;
			children = (
				C892DC982B65D307006CD76D /* LoginViewModel.swift */,
				C8DEF0D22B698E5B0002DE79 /* TestViewModel.swift */,
			);
			path = ViewModel;
			sourceTree = "<group>";
		};
		C8DBFCE72B6787DD00C49CC9 /* OpenAI */ = {
			isa = PBXGroup;
			children = (
				C8DEF0CE2B6958080002DE79 /* OpenAIforSDTest.swift */,
				C8DEF0D02B6958260002DE79 /* OpenAIGrading.swift */,
				C862A6682B728FC40084A58B /* QuestionService.swift */,
			);
			path = OpenAI;
			sourceTree = "<group>";
		};
		C8F030F72B677E24003F3E32 /* SPTestContentsView */ = {
			isa = PBXGroup;
			children = (
				C8F030F82B677E55003F3E32 /* StartCountView.swift */,
				C8F030FA2B677E66003F3E32 /* ShortDescriptionTestView.swift */,
				C8DBFCE82B678C6600C49CC9 /* SharingExperienceTestView.swift */,
				C8DBFCEA2B678C7600C49CC9 /* ListeningComprehensionTestView.swift */,
				C8DBFCEC2B678C8700C49CC9 /* ExpressingOpinionTestView.swift */,
				C8F030FC2B677E77003F3E32 /* ScoreViewMode.swift */,
			);
			path = SPTestContentsView;
			sourceTree = "<group>";
		};
/* End PBXGroup section */

/* Begin PBXNativeTarget section */
		C892DC392B65C40C006CD76D /* spaiDemo2 */ = {
			isa = PBXNativeTarget;
			buildConfigurationList = C892DC4D2B65C40E006CD76D /* Build configuration list for PBXNativeTarget "spaiDemo2" */;
			buildPhases = (
				C892DC362B65C40C006CD76D /* Sources */,
				C892DC372B65C40C006CD76D /* Frameworks */,
				C892DC382B65C40C006CD76D /* Resources */,
			);
			buildRules = (
			);
			dependencies = (
			);
			name = spaiDemo2;
			packageProductDependencies = (
				C892DC532B65C8C2006CD76D /* FirebaseAnalytics */,
				C892DC552B65C8C2006CD76D /* FirebaseAnalyticsOnDeviceConversion */,
				C892DC572B65C8C2006CD76D /* FirebaseAnalyticsSwift */,
				C892DC592B65C8C2006CD76D /* FirebaseAnalyticsWithoutAdIdSupport */,
				C892DC5B2B65C8C2006CD76D /* FirebaseAppCheck */,
				C892DC5D2B65C8C2006CD76D /* FirebaseAppDistribution-Beta */,
				C892DC5F2B65C8C2006CD76D /* FirebaseAuth */,
				C892DC612B65C8C2006CD76D /* FirebaseAuthCombine-Community */,
				C892DC632B65C8C2006CD76D /* FirebaseCrashlytics */,
				C892DC652B65C8C2006CD76D /* FirebaseDatabase */,
				C892DC672B65C8C2006CD76D /* FirebaseDatabaseSwift */,
				C892DC692B65C8C2006CD76D /* FirebaseDynamicLinks */,
				C892DC6B2B65C8C2006CD76D /* FirebaseFirestore */,
				C892DC6D2B65C8C2006CD76D /* FirebaseFirestoreCombine-Community */,
				C892DC6F2B65C8C2006CD76D /* FirebaseFirestoreSwift */,
				C892DC712B65C8C2006CD76D /* FirebaseFunctions */,
				C892DC732B65C8C2006CD76D /* FirebaseFunctionsCombine-Community */,
				C892DC752B65C8C2006CD76D /* FirebaseInAppMessaging-Beta */,
				C892DC772B65C8C2006CD76D /* FirebaseInAppMessagingSwift-Beta */,
				C892DC792B65C8C2006CD76D /* FirebaseInstallations */,
				C892DC7B2B65C8C2006CD76D /* FirebaseMLModelDownloader */,
				C892DC7D2B65C8C2006CD76D /* FirebaseMessaging */,
				C892DC7F2B65C8C2006CD76D /* FirebasePerformance */,
				C892DC812B65C8C2006CD76D /* FirebaseRemoteConfig */,
				C892DC832B65C8C2006CD76D /* FirebaseRemoteConfigSwift */,
				C892DC852B65C8C2006CD76D /* FirebaseStorage */,
				C892DC872B65C8C2006CD76D /* FirebaseStorageCombine-Community */,
				C892DC8A2B65C8F1006CD76D /* GoogleSignIn */,
				C892DC8C2B65C8F1006CD76D /* GoogleSignInSwift */,
				C8DEF0CC2B6954700002DE79 /* SiriWaveView */,
				C8DEF0E62B69FEE10002DE79 /* OpenAI */,
			);
			productName = spaiDemo2;
			productReference = C892DC3A2B65C40C006CD76D /* spaiDemo2.app */;
			productType = "com.apple.product-type.application";
		};
/* End PBXNativeTarget section */

/* Begin PBXProject section */
		C892DC322B65C40C006CD76D /* Project object */ = {
			isa = PBXProject;
			attributes = {
				BuildIndependentTargetsInParallel = 1;
				LastSwiftUpdateCheck = 1510;
				LastUpgradeCheck = 1510;
				TargetAttributes = {
					C892DC392B65C40C006CD76D = {
						CreatedOnToolsVersion = 15.1;
					};
				};
			};
			buildConfigurationList = C892DC352B65C40C006CD76D /* Build configuration list for PBXProject "spaiDemo2" */;
			compatibilityVersion = "Xcode 14.0";
			developmentRegion = en;
			hasScannedForEncodings = 0;
			knownRegions = (
				en,
				Base,
			);
			mainGroup = C892DC312B65C40C006CD76D;
			packageReferences = (
				C892DC522B65C8C2006CD76D /* XCRemoteSwiftPackageReference "firebase-ios-sdk" */,
				C892DC892B65C8F1006CD76D /* XCRemoteSwiftPackageReference "GoogleSignIn-iOS" */,
				C8DEF0CB2B6954700002DE79 /* XCRemoteSwiftPackageReference "SiriWaveView" */,
				C8DEF0E52B69FEE10002DE79 /* XCRemoteSwiftPackageReference "OpenAI" */,
			);
			productRefGroup = C892DC3B2B65C40C006CD76D /* Products */;
			projectDirPath = "";
			projectRoot = "";
			targets = (
				C892DC392B65C40C006CD76D /* spaiDemo2 */,
			);
		};
/* End PBXProject section */

/* Begin PBXResourcesBuildPhase section */
		C892DC382B65C40C006CD76D /* Resources */ = {
			isa = PBXResourcesBuildPhase;
			buildActionMask = 2147483647;
			files = (
				C892DC452B65C40E006CD76D /* Preview Assets.xcassets in Resources */,
				C892DC8F2B65C9E6006CD76D /* readme.txt in Resources */,
				C892DC422B65C40E006CD76D /* Assets.xcassets in Resources */,
				C892DC912B65CA3E006CD76D /* GoogleService-Info.plist in Resources */,
			);
			runOnlyForDeploymentPostprocessing = 0;
		};
/* End PBXResourcesBuildPhase section */

/* Begin PBXSourcesBuildPhase section */
		C892DC362B65C40C006CD76D /* Sources */ = {
			isa = PBXSourcesBuildPhase;
			buildActionMask = 2147483647;
			files = (
				C8775A5C2BBC9E6200384662 /* ScoreGraphView.swift in Sources */,
				C8DEF0CF2B6958080002DE79 /* OpenAIforSDTest.swift in Sources */,
				C8F030FD2B677E77003F3E32 /* ScoreViewMode.swift in Sources */,
				C8165F8A2BC5126300EFFB6D /* QuestionServiceTests.swift in Sources */,
				C8DEF0D32B698E5B0002DE79 /* TestViewModel.swift in Sources */,
				C8DBFCED2B678C8700C49CC9 /* ExpressingOpinionTestView.swift in Sources */,
				C8DBFCEB2B678C7600C49CC9 /* ListeningComprehensionTestView.swift in Sources */,
				C874129F2B898A6E0085B035 /* FullTestShortDescriptionTestView.swift in Sources */,
				C874129D2B898A4D0085B035 /* FullTestStartCountView.swift in Sources */,
				C86F13992B6630B80006A1F5 /* NicknameView.swift in Sources */,
				C8165F882BC5120B00EFFB6D /* LoginViewModelTests.swift in Sources */,
				C874129B2B8981580085B035 /* FullTestSessionView.swift in Sources */,
				C847E8672BA6F4F5003AD2CF /* HistoryListView.swift in Sources */,
				C8293E8F2B66CD280056776B /* TabBarView.swift in Sources */,
				C862A6692B728FC40084A58B /* QuestionService.swift in Sources */,
				C892DC472B65C40E006CD76D /* Persistence.swift in Sources */,
				C87412A32B8994C30085B035 /* FullTestListeningComprehensionTestView.swift in Sources */,
				C8F030FB2B677E66003F3E32 /* ShortDescriptionTestView.swift in Sources */,
				C892DC9B2B65EB8E006CD76D /* HomeView.swift in Sources */,
				C8775A592BB9584400384662 /* DIDService.swift in Sources */,
				C892DC402B65C40C006CD76D /* ContentView.swift in Sources */,
				C87412A72B8997310085B035 /* FullTestScoreView.swift in Sources */,
				C87412A52B8994D00085B035 /* FullTestExpressingOpinionTestView.swift in Sources */,
				C86947EA2B71F55400B693D7 /* NavigationStateManager.swift in Sources */,
				C892DC992B65D307006CD76D /* LoginViewModel.swift in Sources */,
				C8293E8D2B66CB2D0056776B /* SettingsView.swift in Sources */,
				C892DC9D2B65EDD5006CD76D /* starterView.swift in Sources */,
				C86C7FE52B72D39800F3F177 /* GradingDetailsView.swift in Sources */,
				C892DC4A2B65C40E006CD76D /* spaiDemo2.xcdatamodeld in Sources */,
				C892DC972B65CBAA006CD76D /* LoginView.swift in Sources */,
				C8809B562BB35C3C007C3F12 /* ProfileView.swift in Sources */,
				C847E8632BA6DBFC003AD2CF /* OneTypeTestHistoryViewModel.swift in Sources */,
				C87412A12B898C160085B035 /* FullTestSharingExperienceTestView.swift in Sources */,
				C8DEF0D12B6958260002DE79 /* OpenAIGrading.swift in Sources */,
				C8F030F92B677E55003F3E32 /* StartCountView.swift in Sources */,
				C892DC3E2B65C40C006CD76D /* spaiDemo2App.swift in Sources */,
				C847E8652BA6F4B9003AD2CF /* OneTypeTestHistoryDetailView.swift in Sources */,
				C8DBFCE92B678C6600C49CC9 /* SharingExperienceTestView.swift in Sources */,
			);
			runOnlyForDeploymentPostprocessing = 0;
		};
/* End PBXSourcesBuildPhase section */

/* Begin XCBuildConfiguration section */
		C892DC4B2B65C40E006CD76D /* Debug */ = {
			isa = XCBuildConfiguration;
			buildSettings = {
				ALWAYS_SEARCH_USER_PATHS = NO;
				ASSETCATALOG_COMPILER_GENERATE_SWIFT_ASSET_SYMBOL_EXTENSIONS = YES;
				CLANG_ANALYZER_NONNULL = YES;
				CLANG_ANALYZER_NUMBER_OBJECT_CONVERSION = YES_AGGRESSIVE;
				CLANG_CXX_LANGUAGE_STANDARD = "gnu++20";
				CLANG_ENABLE_MODULES = YES;
				CLANG_ENABLE_OBJC_ARC = YES;
				CLANG_ENABLE_OBJC_WEAK = YES;
				CLANG_WARN_BLOCK_CAPTURE_AUTORELEASING = YES;
				CLANG_WARN_BOOL_CONVERSION = YES;
				CLANG_WARN_COMMA = YES;
				CLANG_WARN_CONSTANT_CONVERSION = YES;
				CLANG_WARN_DEPRECATED_OBJC_IMPLEMENTATIONS = YES;
				CLANG_WARN_DIRECT_OBJC_ISA_USAGE = YES_ERROR;
				CLANG_WARN_DOCUMENTATION_COMMENTS = YES;
				CLANG_WARN_EMPTY_BODY = YES;
				CLANG_WARN_ENUM_CONVERSION = YES;
				CLANG_WARN_INFINITE_RECURSION = YES;
				CLANG_WARN_INT_CONVERSION = YES;
				CLANG_WARN_NON_LITERAL_NULL_CONVERSION = YES;
				CLANG_WARN_OBJC_IMPLICIT_RETAIN_SELF = YES;
				CLANG_WARN_OBJC_LITERAL_CONVERSION = YES;
				CLANG_WARN_OBJC_ROOT_CLASS = YES_ERROR;
				CLANG_WARN_QUOTED_INCLUDE_IN_FRAMEWORK_HEADER = YES;
				CLANG_WARN_RANGE_LOOP_ANALYSIS = YES;
				CLANG_WARN_STRICT_PROTOTYPES = YES;
				CLANG_WARN_SUSPICIOUS_MOVE = YES;
				CLANG_WARN_UNGUARDED_AVAILABILITY = YES_AGGRESSIVE;
				CLANG_WARN_UNREACHABLE_CODE = YES;
				CLANG_WARN__DUPLICATE_METHOD_MATCH = YES;
				COPY_PHASE_STRIP = NO;
				DEBUG_INFORMATION_FORMAT = dwarf;
				ENABLE_STRICT_OBJC_MSGSEND = YES;
				ENABLE_TESTABILITY = YES;
				ENABLE_USER_SCRIPT_SANDBOXING = YES;
				GCC_C_LANGUAGE_STANDARD = gnu17;
				GCC_DYNAMIC_NO_PIC = NO;
				GCC_NO_COMMON_BLOCKS = YES;
				GCC_OPTIMIZATION_LEVEL = 0;
				GCC_PREPROCESSOR_DEFINITIONS = (
					"DEBUG=1",
					"$(inherited)",
				);
				GCC_WARN_64_TO_32_BIT_CONVERSION = YES;
				GCC_WARN_ABOUT_RETURN_TYPE = YES_ERROR;
				GCC_WARN_UNDECLARED_SELECTOR = YES;
				GCC_WARN_UNINITIALIZED_AUTOS = YES_AGGRESSIVE;
				GCC_WARN_UNUSED_FUNCTION = YES;
				GCC_WARN_UNUSED_VARIABLE = YES;
				IPHONEOS_DEPLOYMENT_TARGET = 17.2;
				LOCALIZATION_PREFERS_STRING_CATALOGS = YES;
				MTL_ENABLE_DEBUG_INFO = INCLUDE_SOURCE;
				MTL_FAST_MATH = YES;
				ONLY_ACTIVE_ARCH = YES;
				SDKROOT = iphoneos;
				SWIFT_ACTIVE_COMPILATION_CONDITIONS = "DEBUG $(inherited)";
				SWIFT_OPTIMIZATION_LEVEL = "-Onone";
			};
			name = Debug;
		};
		C892DC4C2B65C40E006CD76D /* Release */ = {
			isa = XCBuildConfiguration;
			buildSettings = {
				ALWAYS_SEARCH_USER_PATHS = NO;
				ASSETCATALOG_COMPILER_GENERATE_SWIFT_ASSET_SYMBOL_EXTENSIONS = YES;
				CLANG_ANALYZER_NONNULL = YES;
				CLANG_ANALYZER_NUMBER_OBJECT_CONVERSION = YES_AGGRESSIVE;
				CLANG_CXX_LANGUAGE_STANDARD = "gnu++20";
				CLANG_ENABLE_MODULES = YES;
				CLANG_ENABLE_OBJC_ARC = YES;
				CLANG_ENABLE_OBJC_WEAK = YES;
				CLANG_WARN_BLOCK_CAPTURE_AUTORELEASING = YES;
				CLANG_WARN_BOOL_CONVERSION = YES;
				CLANG_WARN_COMMA = YES;
				CLANG_WARN_CONSTANT_CONVERSION = YES;
				CLANG_WARN_DEPRECATED_OBJC_IMPLEMENTATIONS = YES;
				CLANG_WARN_DIRECT_OBJC_ISA_USAGE = YES_ERROR;
				CLANG_WARN_DOCUMENTATION_COMMENTS = YES;
				CLANG_WARN_EMPTY_BODY = YES;
				CLANG_WARN_ENUM_CONVERSION = YES;
				CLANG_WARN_INFINITE_RECURSION = YES;
				CLANG_WARN_INT_CONVERSION = YES;
				CLANG_WARN_NON_LITERAL_NULL_CONVERSION = YES;
				CLANG_WARN_OBJC_IMPLICIT_RETAIN_SELF = YES;
				CLANG_WARN_OBJC_LITERAL_CONVERSION = YES;
				CLANG_WARN_OBJC_ROOT_CLASS = YES_ERROR;
				CLANG_WARN_QUOTED_INCLUDE_IN_FRAMEWORK_HEADER = YES;
				CLANG_WARN_RANGE_LOOP_ANALYSIS = YES;
				CLANG_WARN_STRICT_PROTOTYPES = YES;
				CLANG_WARN_SUSPICIOUS_MOVE = YES;
				CLANG_WARN_UNGUARDED_AVAILABILITY = YES_AGGRESSIVE;
				CLANG_WARN_UNREACHABLE_CODE = YES;
				CLANG_WARN__DUPLICATE_METHOD_MATCH = YES;
				COPY_PHASE_STRIP = NO;
				DEBUG_INFORMATION_FORMAT = "dwarf-with-dsym";
				ENABLE_NS_ASSERTIONS = NO;
				ENABLE_STRICT_OBJC_MSGSEND = YES;
				ENABLE_USER_SCRIPT_SANDBOXING = YES;
				GCC_C_LANGUAGE_STANDARD = gnu17;
				GCC_NO_COMMON_BLOCKS = YES;
				GCC_WARN_64_TO_32_BIT_CONVERSION = YES;
				GCC_WARN_ABOUT_RETURN_TYPE = YES_ERROR;
				GCC_WARN_UNDECLARED_SELECTOR = YES;
				GCC_WARN_UNINITIALIZED_AUTOS = YES_AGGRESSIVE;
				GCC_WARN_UNUSED_FUNCTION = YES;
				GCC_WARN_UNUSED_VARIABLE = YES;
				IPHONEOS_DEPLOYMENT_TARGET = 17.2;
				LOCALIZATION_PREFERS_STRING_CATALOGS = YES;
				MTL_ENABLE_DEBUG_INFO = NO;
				MTL_FAST_MATH = YES;
				SDKROOT = iphoneos;
				SWIFT_COMPILATION_MODE = wholemodule;
				VALIDATE_PRODUCT = YES;
			};
			name = Release;
		};
		C892DC4E2B65C40E006CD76D /* Debug */ = {
			isa = XCBuildConfiguration;
			buildSettings = {
				ASSETCATALOG_COMPILER_APPICON_NAME = AppIcon;
				ASSETCATALOG_COMPILER_GLOBAL_ACCENT_COLOR_NAME = AccentColor;
				CODE_SIGN_ENTITLEMENTS = spaiDemo2/spaiDemo2.entitlements;
				CODE_SIGN_STYLE = Automatic;
				CURRENT_PROJECT_VERSION = 1;
				DEVELOPMENT_ASSET_PATHS = "\"spaiDemo2/Preview Content\"";
				DEVELOPMENT_TEAM = JWT4KD7H4B;
				ENABLE_PREVIEWS = YES;
				GENERATE_INFOPLIST_FILE = YES;
				INFOPLIST_FILE = spaiDemo2/Info.plist;
				INFOPLIST_KEY_UIApplicationSceneManifest_Generation = YES;
				INFOPLIST_KEY_UIApplicationSupportsIndirectInputEvents = YES;
				INFOPLIST_KEY_UILaunchScreen_Generation = YES;
				INFOPLIST_KEY_UISupportedInterfaceOrientations_iPad = "UIInterfaceOrientationPortrait UIInterfaceOrientationPortraitUpsideDown UIInterfaceOrientationLandscapeLeft UIInterfaceOrientationLandscapeRight";
				INFOPLIST_KEY_UISupportedInterfaceOrientations_iPhone = "UIInterfaceOrientationPortrait UIInterfaceOrientationLandscapeLeft UIInterfaceOrientationLandscapeRight";
				LD_RUNPATH_SEARCH_PATHS = (
					"$(inherited)",
					"@executable_path/Frameworks",
				);
				MARKETING_VERSION = 1.0;
				PRODUCT_BUNDLE_IDENTIFIER = com.spai.spaiDemo2;
				PRODUCT_NAME = "$(TARGET_NAME)";
				SWIFT_EMIT_LOC_STRINGS = YES;
				SWIFT_VERSION = 5.0;
				TARGETED_DEVICE_FAMILY = "1,2";
			};
			name = Debug;
		};
		C892DC4F2B65C40E006CD76D /* Release */ = {
			isa = XCBuildConfiguration;
			buildSettings = {
				ASSETCATALOG_COMPILER_APPICON_NAME = AppIcon;
				ASSETCATALOG_COMPILER_GLOBAL_ACCENT_COLOR_NAME = AccentColor;
				CODE_SIGN_ENTITLEMENTS = spaiDemo2/spaiDemo2.entitlements;
				CODE_SIGN_STYLE = Automatic;
				CURRENT_PROJECT_VERSION = 1;
				DEVELOPMENT_ASSET_PATHS = "\"spaiDemo2/Preview Content\"";
				DEVELOPMENT_TEAM = JWT4KD7H4B;
				ENABLE_PREVIEWS = YES;
				GENERATE_INFOPLIST_FILE = YES;
				INFOPLIST_FILE = spaiDemo2/Info.plist;
				INFOPLIST_KEY_UIApplicationSceneManifest_Generation = YES;
				INFOPLIST_KEY_UIApplicationSupportsIndirectInputEvents = YES;
				INFOPLIST_KEY_UILaunchScreen_Generation = YES;
				INFOPLIST_KEY_UISupportedInterfaceOrientations_iPad = "UIInterfaceOrientationPortrait UIInterfaceOrientationPortraitUpsideDown UIInterfaceOrientationLandscapeLeft UIInterfaceOrientationLandscapeRight";
				INFOPLIST_KEY_UISupportedInterfaceOrientations_iPhone = "UIInterfaceOrientationPortrait UIInterfaceOrientationLandscapeLeft UIInterfaceOrientationLandscapeRight";
				LD_RUNPATH_SEARCH_PATHS = (
					"$(inherited)",
					"@executable_path/Frameworks",
				);
				MARKETING_VERSION = 1.0;
				PRODUCT_BUNDLE_IDENTIFIER = com.spai.spaiDemo2;
				PRODUCT_NAME = "$(TARGET_NAME)";
				SWIFT_EMIT_LOC_STRINGS = YES;
				SWIFT_VERSION = 5.0;
				TARGETED_DEVICE_FAMILY = "1,2";
			};
			name = Release;
		};
/* End XCBuildConfiguration section */

/* Begin XCConfigurationList section */
		C892DC352B65C40C006CD76D /* Build configuration list for PBXProject "spaiDemo2" */ = {
			isa = XCConfigurationList;
			buildConfigurations = (
				C892DC4B2B65C40E006CD76D /* Debug */,
				C892DC4C2B65C40E006CD76D /* Release */,
			);
			defaultConfigurationIsVisible = 0;
			defaultConfigurationName = Release;
		};
		C892DC4D2B65C40E006CD76D /* Build configuration list for PBXNativeTarget "spaiDemo2" */ = {
			isa = XCConfigurationList;
			buildConfigurations = (
				C892DC4E2B65C40E006CD76D /* Debug */,
				C892DC4F2B65C40E006CD76D /* Release */,
			);
			defaultConfigurationIsVisible = 0;
			defaultConfigurationName = Release;
		};
/* End XCConfigurationList section */

/* Begin XCRemoteSwiftPackageReference section */
		C892DC522B65C8C2006CD76D /* XCRemoteSwiftPackageReference "firebase-ios-sdk" */ = {
			isa = XCRemoteSwiftPackageReference;
			repositoryURL = "https://github.com/firebase/firebase-ios-sdk.git";
			requirement = {
				kind = upToNextMajorVersion;
				minimumVersion = 10.20.0;
			};
		};
		C892DC892B65C8F1006CD76D /* XCRemoteSwiftPackageReference "GoogleSignIn-iOS" */ = {
			isa = XCRemoteSwiftPackageReference;
			repositoryURL = "https://github.com/google/GoogleSignIn-iOS.git";
			requirement = {
				kind = upToNextMajorVersion;
				minimumVersion = 7.0.0;
			};
		};
		C8DEF0CB2B6954700002DE79 /* XCRemoteSwiftPackageReference "SiriWaveView" */ = {
			isa = XCRemoteSwiftPackageReference;
			repositoryURL = "https://github.com/alfianlosari/SiriWaveView";
			requirement = {
				branch = master;
				kind = branch;
			};
		};
		C8DEF0E52B69FEE10002DE79 /* XCRemoteSwiftPackageReference "OpenAI" */ = {
			isa = XCRemoteSwiftPackageReference;
			repositoryURL = "https://github.com/MacPaw/OpenAI.git";
			requirement = {
				kind = upToNextMajorVersion;
				minimumVersion = 0.2.5;
			};
		};
/* End XCRemoteSwiftPackageReference section */

/* Begin XCSwiftPackageProductDependency section */
		C892DC532B65C8C2006CD76D /* FirebaseAnalytics */ = {
			isa = XCSwiftPackageProductDependency;
			package = C892DC522B65C8C2006CD76D /* XCRemoteSwiftPackageReference "firebase-ios-sdk" */;
			productName = FirebaseAnalytics;
		};
		C892DC552B65C8C2006CD76D /* FirebaseAnalyticsOnDeviceConversion */ = {
			isa = XCSwiftPackageProductDependency;
			package = C892DC522B65C8C2006CD76D /* XCRemoteSwiftPackageReference "firebase-ios-sdk" */;
			productName = FirebaseAnalyticsOnDeviceConversion;
		};
		C892DC572B65C8C2006CD76D /* FirebaseAnalyticsSwift */ = {
			isa = XCSwiftPackageProductDependency;
			package = C892DC522B65C8C2006CD76D /* XCRemoteSwiftPackageReference "firebase-ios-sdk" */;
			productName = FirebaseAnalyticsSwift;
		};
		C892DC592B65C8C2006CD76D /* FirebaseAnalyticsWithoutAdIdSupport */ = {
			isa = XCSwiftPackageProductDependency;
			package = C892DC522B65C8C2006CD76D /* XCRemoteSwiftPackageReference "firebase-ios-sdk" */;
			productName = FirebaseAnalyticsWithoutAdIdSupport;
		};
		C892DC5B2B65C8C2006CD76D /* FirebaseAppCheck */ = {
			isa = XCSwiftPackageProductDependency;
			package = C892DC522B65C8C2006CD76D /* XCRemoteSwiftPackageReference "firebase-ios-sdk" */;
			productName = FirebaseAppCheck;
		};
		C892DC5D2B65C8C2006CD76D /* FirebaseAppDistribution-Beta */ = {
			isa = XCSwiftPackageProductDependency;
			package = C892DC522B65C8C2006CD76D /* XCRemoteSwiftPackageReference "firebase-ios-sdk" */;
			productName = "FirebaseAppDistribution-Beta";
		};
		C892DC5F2B65C8C2006CD76D /* FirebaseAuth */ = {
			isa = XCSwiftPackageProductDependency;
			package = C892DC522B65C8C2006CD76D /* XCRemoteSwiftPackageReference "firebase-ios-sdk" */;
			productName = FirebaseAuth;
		};
		C892DC612B65C8C2006CD76D /* FirebaseAuthCombine-Community */ = {
			isa = XCSwiftPackageProductDependency;
			package = C892DC522B65C8C2006CD76D /* XCRemoteSwiftPackageReference "firebase-ios-sdk" */;
			productName = "FirebaseAuthCombine-Community";
		};
		C892DC632B65C8C2006CD76D /* FirebaseCrashlytics */ = {
			isa = XCSwiftPackageProductDependency;
			package = C892DC522B65C8C2006CD76D /* XCRemoteSwiftPackageReference "firebase-ios-sdk" */;
			productName = FirebaseCrashlytics;
		};
		C892DC652B65C8C2006CD76D /* FirebaseDatabase */ = {
			isa = XCSwiftPackageProductDependency;
			package = C892DC522B65C8C2006CD76D /* XCRemoteSwiftPackageReference "firebase-ios-sdk" */;
			productName = FirebaseDatabase;
		};
		C892DC672B65C8C2006CD76D /* FirebaseDatabaseSwift */ = {
			isa = XCSwiftPackageProductDependency;
			package = C892DC522B65C8C2006CD76D /* XCRemoteSwiftPackageReference "firebase-ios-sdk" */;
			productName = FirebaseDatabaseSwift;
		};
		C892DC692B65C8C2006CD76D /* FirebaseDynamicLinks */ = {
			isa = XCSwiftPackageProductDependency;
			package = C892DC522B65C8C2006CD76D /* XCRemoteSwiftPackageReference "firebase-ios-sdk" */;
			productName = FirebaseDynamicLinks;
		};
		C892DC6B2B65C8C2006CD76D /* FirebaseFirestore */ = {
			isa = XCSwiftPackageProductDependency;
			package = C892DC522B65C8C2006CD76D /* XCRemoteSwiftPackageReference "firebase-ios-sdk" */;
			productName = FirebaseFirestore;
		};
		C892DC6D2B65C8C2006CD76D /* FirebaseFirestoreCombine-Community */ = {
			isa = XCSwiftPackageProductDependency;
			package = C892DC522B65C8C2006CD76D /* XCRemoteSwiftPackageReference "firebase-ios-sdk" */;
			productName = "FirebaseFirestoreCombine-Community";
		};
		C892DC6F2B65C8C2006CD76D /* FirebaseFirestoreSwift */ = {
			isa = XCSwiftPackageProductDependency;
			package = C892DC522B65C8C2006CD76D /* XCRemoteSwiftPackageReference "firebase-ios-sdk" */;
			productName = FirebaseFirestoreSwift;
		};
		C892DC712B65C8C2006CD76D /* FirebaseFunctions */ = {
			isa = XCSwiftPackageProductDependency;
			package = C892DC522B65C8C2006CD76D /* XCRemoteSwiftPackageReference "firebase-ios-sdk" */;
			productName = FirebaseFunctions;
		};
		C892DC732B65C8C2006CD76D /* FirebaseFunctionsCombine-Community */ = {
			isa = XCSwiftPackageProductDependency;
			package = C892DC522B65C8C2006CD76D /* XCRemoteSwiftPackageReference "firebase-ios-sdk" */;
			productName = "FirebaseFunctionsCombine-Community";
		};
		C892DC752B65C8C2006CD76D /* FirebaseInAppMessaging-Beta */ = {
			isa = XCSwiftPackageProductDependency;
			package = C892DC522B65C8C2006CD76D /* XCRemoteSwiftPackageReference "firebase-ios-sdk" */;
			productName = "FirebaseInAppMessaging-Beta";
		};
		C892DC772B65C8C2006CD76D /* FirebaseInAppMessagingSwift-Beta */ = {
			isa = XCSwiftPackageProductDependency;
			package = C892DC522B65C8C2006CD76D /* XCRemoteSwiftPackageReference "firebase-ios-sdk" */;
			productName = "FirebaseInAppMessagingSwift-Beta";
		};
		C892DC792B65C8C2006CD76D /* FirebaseInstallations */ = {
			isa = XCSwiftPackageProductDependency;
			package = C892DC522B65C8C2006CD76D /* XCRemoteSwiftPackageReference "firebase-ios-sdk" */;
			productName = FirebaseInstallations;
		};
		C892DC7B2B65C8C2006CD76D /* FirebaseMLModelDownloader */ = {
			isa = XCSwiftPackageProductDependency;
			package = C892DC522B65C8C2006CD76D /* XCRemoteSwiftPackageReference "firebase-ios-sdk" */;
			productName = FirebaseMLModelDownloader;
		};
		C892DC7D2B65C8C2006CD76D /* FirebaseMessaging */ = {
			isa = XCSwiftPackageProductDependency;
			package = C892DC522B65C8C2006CD76D /* XCRemoteSwiftPackageReference "firebase-ios-sdk" */;
			productName = FirebaseMessaging;
		};
		C892DC7F2B65C8C2006CD76D /* FirebasePerformance */ = {
			isa = XCSwiftPackageProductDependency;
			package = C892DC522B65C8C2006CD76D /* XCRemoteSwiftPackageReference "firebase-ios-sdk" */;
			productName = FirebasePerformance;
		};
		C892DC812B65C8C2006CD76D /* FirebaseRemoteConfig */ = {
			isa = XCSwiftPackageProductDependency;
			package = C892DC522B65C8C2006CD76D /* XCRemoteSwiftPackageReference "firebase-ios-sdk" */;
			productName = FirebaseRemoteConfig;
		};
		C892DC832B65C8C2006CD76D /* FirebaseRemoteConfigSwift */ = {
			isa = XCSwiftPackageProductDependency;
			package = C892DC522B65C8C2006CD76D /* XCRemoteSwiftPackageReference "firebase-ios-sdk" */;
			productName = FirebaseRemoteConfigSwift;
		};
		C892DC852B65C8C2006CD76D /* FirebaseStorage */ = {
			isa = XCSwiftPackageProductDependency;
			package = C892DC522B65C8C2006CD76D /* XCRemoteSwiftPackageReference "firebase-ios-sdk" */;
			productName = FirebaseStorage;
		};
		C892DC872B65C8C2006CD76D /* FirebaseStorageCombine-Community */ = {
			isa = XCSwiftPackageProductDependency;
			package = C892DC522B65C8C2006CD76D /* XCRemoteSwiftPackageReference "firebase-ios-sdk" */;
			productName = "FirebaseStorageCombine-Community";
		};
		C892DC8A2B65C8F1006CD76D /* GoogleSignIn */ = {
			isa = XCSwiftPackageProductDependency;
			package = C892DC892B65C8F1006CD76D /* XCRemoteSwiftPackageReference "GoogleSignIn-iOS" */;
			productName = GoogleSignIn;
		};
		C892DC8C2B65C8F1006CD76D /* GoogleSignInSwift */ = {
			isa = XCSwiftPackageProductDependency;
			package = C892DC892B65C8F1006CD76D /* XCRemoteSwiftPackageReference "GoogleSignIn-iOS" */;
			productName = GoogleSignInSwift;
		};
		C8DEF0CC2B6954700002DE79 /* SiriWaveView */ = {
			isa = XCSwiftPackageProductDependency;
			package = C8DEF0CB2B6954700002DE79 /* XCRemoteSwiftPackageReference "SiriWaveView" */;
			productName = SiriWaveView;
		};
		C8DEF0E62B69FEE10002DE79 /* OpenAI */ = {
			isa = XCSwiftPackageProductDependency;
			package = C8DEF0E52B69FEE10002DE79 /* XCRemoteSwiftPackageReference "OpenAI" */;
			productName = OpenAI;
		};
/* End XCSwiftPackageProductDependency section */

/* Begin XCVersionGroup section */
		C892DC482B65C40E006CD76D /* spaiDemo2.xcdatamodeld */ = {
			isa = XCVersionGroup;
			children = (
				C892DC492B65C40E006CD76D /* spaiDemo2.xcdatamodel */,
			);
			currentVersion = C892DC492B65C40E006CD76D /* spaiDemo2.xcdatamodel */;
			path = spaiDemo2.xcdatamodeld;
			sourceTree = "<group>";
			versionGroupType = wrapper.xcdatamodel;
		};
/* End XCVersionGroup section */
	};
	rootObject = C892DC322B65C40C006CD76D /* Project object */;
}
